
Microsoft Visual Studio Solution File, Format Version 12.00
# Visual Studio Version 16
VisualStudioVersion = 16.0.31829.152
MinimumVisualStudioVersion = 10.0.40219.1
Project("{FAE04EC0-301F-11D3-BF4B-00C04F79EFBC}") = "lab3", "lab3.csproj", "{ECFD817D-13DA-4C60-A15D-31320B4B70BB}"
EndProject
Global
	GlobalSection(SolutionConfigurationPlatforms) = preSolution
		Debug|Any CPU = Debug|Any CPU
		Release|Any CPU = Release|Any CPU
	EndGlobalSection
	GlobalSection(ProjectConfigurationPlatforms) = postSolution
		{ECFD817D-13DA-4C60-A15D-31320B4B70BB}.Debug|Any CPU.ActiveCfg = Debug|Any CPU
		{ECFD817D-13DA-4C60-A15D-31320B4B70BB}.Debug|Any CPU.Build.0 = Debug|Any CPU
		{ECFD817D-13DA-4C60-A15D-31320B4B70BB}.Release|Any CPU.ActiveCfg = Release|Any CPU
		{ECFD817D-13DA-4C60-A15D-31320B4B70BB}.Release|Any CPU.Build.0 = Release|Any CPU
	EndGlobalSection
	GlobalSection(SolutionProperties) = preSolution
		HideSolutionNode = FALSE
	EndGlobalSection
	GlobalSection(ExtensibilityGlobals) = postSolution
		SolutionGuid = {ACEEC624-BC55-42F8-B6CA-9BC48622F814}
	EndGlobalSection
EndGlobal
